
Microsoft Visual Studio Solution File, Format Version 12.00
# Visual Studio 14
VisualStudioVersion = 14.0.23107.0
MinimumVisualStudioVersion = 10.0.40219.1
Project("{8BC9CEB8-8B4A-11D0-8D11-00A0C91BC942}") = "Test For New SFMLGameEngine2.0", "Test For New SFMLGameEngine2.0\Test For New SFMLGameEngine2.0.vcxproj", "{89A7C798-CA65-4DCB-80CD-231726334029}"
	ProjectSection(ProjectDependencies) = postProject
		{3AD5154A-77AC-4FE4-9559-4712599CBA97} = {3AD5154A-77AC-4FE4-9559-4712599CBA97}
	EndProjectSection
EndProject
Project("{8BC9CEB8-8B4A-11D0-8D11-00A0C91BC942}") = "SFMLGameEngine2.0", "SFMLGameEngine2.0\SFMLGameEngine2.0.vcxproj", "{3AD5154A-77AC-4FE4-9559-4712599CBA97}"
EndProject
Global
	GlobalSection(SolutionConfigurationPlatforms) = preSolution
		Debug|x64 = Debug|x64
		Debug|x86 = Debug|x86
		Release|x64 = Release|x64
		Release|x86 = Release|x86
	EndGlobalSection
	GlobalSection(ProjectConfigurationPlatforms) = postSolution
		{89A7C798-CA65-4DCB-80CD-231726334029}.Debug|x64.ActiveCfg = Debug|x64
		{89A7C798-CA65-4DCB-80CD-231726334029}.Debug|x64.Build.0 = Debug|x64
		{89A7C798-CA65-4DCB-80CD-231726334029}.Debug|x86.ActiveCfg = Debug|Win32
		{89A7C798-CA65-4DCB-80CD-231726334029}.Debug|x86.Build.0 = Debug|Win32
		{89A7C798-CA65-4DCB-80CD-231726334029}.Release|x64.ActiveCfg = Release|x64
		{89A7C798-CA65-4DCB-80CD-231726334029}.Release|x64.Build.0 = Release|x64
		{89A7C798-CA65-4DCB-80CD-231726334029}.Release|x86.ActiveCfg = Release|Win32
		{89A7C798-CA65-4DCB-80CD-231726334029}.Release|x86.Build.0 = Release|Win32
		{3AD5154A-77AC-4FE4-9559-4712599CBA97}.Debug|x64.ActiveCfg = Debug|x64
		{3AD5154A-77AC-4FE4-9559-4712599CBA97}.Debug|x64.Build.0 = Debug|x64
		{3AD5154A-77AC-4FE4-9559-4712599CBA97}.Debug|x86.ActiveCfg = Debug|Win32
		{3AD5154A-77AC-4FE4-9559-4712599CBA97}.Debug|x86.Build.0 = Debug|Win32
		{3AD5154A-77AC-4FE4-9559-4712599CBA97}.Release|x64.ActiveCfg = Release|x64
		{3AD5154A-77AC-4FE4-9559-4712599CBA97}.Release|x64.Build.0 = Release|x64
		{3AD5154A-77AC-4FE4-9559-4712599CBA97}.Release|x86.ActiveCfg = Release|Win32
		{3AD5154A-77AC-4FE4-9559-4712599CBA97}.Release|x86.Build.0 = Release|Win32
	EndGlobalSection
	GlobalSection(SolutionProperties) = preSolution
		HideSolutionNode = FALSE
	EndGlobalSection
EndGlobal
